
Microsoft Visual Studio Solution File, Format Version 12.00
# Visual Studio 14
VisualStudioVersion = 14.0.25420.1
MinimumVisualStudioVersion = 10.0.40219.1
Project("{FAE04EC0-301F-11D3-BF4B-00C04F79EFBC}") = "ImageSearch.WinForms", "ImageSearch\ImageSearch.WinForms.csproj", "{98347FD5-F841-4D45-B056-FAC1F97AB3FF}"
EndProject
Project("{FAE04EC0-301F-11D3-BF4B-00C04F79EFBC}") = "ImageIndex", "ImageIndex\ImageIndex.csproj", "{A1D34F39-C82C-4C3A-864B-5D524A7E464C}"
EndProject
Project("{FAE04EC0-301F-11D3-BF4B-00C04F79EFBC}") = "ImageIndex.Test", "ImageIndex.Test\ImageIndex.Test.csproj", "{74466589-2CA3-4BB1-8736-2E854590A40F}"
EndProject
Project("{FAE04EC0-301F-11D3-BF4B-00C04F79EFBC}") = "XlsxModifier", "XlsxModifier\XlsxModifier.csproj", "{45DE8FE0-45D9-4128-BC35-FD9AE0196F74}"
EndProject
Project("{FAE04EC0-301F-11D3-BF4B-00C04F79EFBC}") = "FileCollector", "FileCollector\FileCollector.csproj", "{391135C9-B982-44CD-A690-9C549BC7A09D}"
EndProject
Project("{FAE04EC0-301F-11D3-BF4B-00C04F79EFBC}") = "FileCollector.Test", "FileCollector.Test\FileCollector.Test.csproj", "{27DAE0AF-E185-4003-96AA-103D238E1AD7}"
EndProject
Project("{FAE04EC0-301F-11D3-BF4B-00C04F79EFBC}") = "ClosedXML", "ClosedXML\ClosedXML.csproj", "{BD5E6BFE-E837-4A35-BCA9-39667D873A20}"
EndProject
Project("{54435603-DBB4-11D2-8724-00A0C9A8B90C}") = "ImageSearch.Setup", "ImageSearch.Setup\ImageSearch.Setup.vdproj", "{A1B5330E-46EE-46F5-855B-1F1B023170B6}"
EndProject
Project("{FAE04EC0-301F-11D3-BF4B-00C04F79EFBC}") = "ImageSearch.WPF", "ImageSearch.WPF\ImageSearch.WPF.csproj", "{EADAFC5A-CF8C-44B2-B6DC-2D3EB5CE2113}"
EndProject
Project("{FAE04EC0-301F-11D3-BF4B-00C04F79EFBC}") = "ImageSearch.Console", "ImageSearch.Test\ImageSearch.Console.csproj", "{496A1290-2706-45F8-8228-8335994C4647}"
EndProject
Project("{2150E333-8FDC-42A3-9474-1A3956D46DE8}") = "ImageSearch", "ImageSearch", "{D6358D52-0B93-4C2D-857A-D718B10F0EED}"
EndProject
Project("{2150E333-8FDC-42A3-9474-1A3956D46DE8}") = "Setup", "Setup", "{10339D24-8EA8-47F9-B3AB-3CD0C988D265}"
EndProject
Project("{2150E333-8FDC-42A3-9474-1A3956D46DE8}") = "Lib", "Lib", "{12EC1386-FE62-491E-8432-DD2A648CED74}"
EndProject
Project("{2150E333-8FDC-42A3-9474-1A3956D46DE8}") = "Lib.Test", "Lib.Test", "{A5BB372B-742F-4EB7-AEA3-42B5DB4208CA}"
EndProject
Global
	GlobalSection(SolutionConfigurationPlatforms) = preSolution
		Debug|Any CPU = Debug|Any CPU
		Release|Any CPU = Release|Any CPU
	EndGlobalSection
	GlobalSection(ProjectConfigurationPlatforms) = postSolution
		{98347FD5-F841-4D45-B056-FAC1F97AB3FF}.Debug|Any CPU.ActiveCfg = Debug|Any CPU
		{98347FD5-F841-4D45-B056-FAC1F97AB3FF}.Debug|Any CPU.Build.0 = Debug|Any CPU
		{98347FD5-F841-4D45-B056-FAC1F97AB3FF}.Release|Any CPU.ActiveCfg = Release|Any CPU
		{98347FD5-F841-4D45-B056-FAC1F97AB3FF}.Release|Any CPU.Build.0 = Release|Any CPU
		{A1D34F39-C82C-4C3A-864B-5D524A7E464C}.Debug|Any CPU.ActiveCfg = Debug|Any CPU
		{A1D34F39-C82C-4C3A-864B-5D524A7E464C}.Debug|Any CPU.Build.0 = Debug|Any CPU
		{A1D34F39-C82C-4C3A-864B-5D524A7E464C}.Release|Any CPU.ActiveCfg = Release|Any CPU
		{A1D34F39-C82C-4C3A-864B-5D524A7E464C}.Release|Any CPU.Build.0 = Release|Any CPU
		{74466589-2CA3-4BB1-8736-2E854590A40F}.Debug|Any CPU.ActiveCfg = Debug|Any CPU
		{74466589-2CA3-4BB1-8736-2E854590A40F}.Debug|Any CPU.Build.0 = Debug|Any CPU
		{74466589-2CA3-4BB1-8736-2E854590A40F}.Release|Any CPU.ActiveCfg = Release|Any CPU
		{74466589-2CA3-4BB1-8736-2E854590A40F}.Release|Any CPU.Build.0 = Release|Any CPU
		{45DE8FE0-45D9-4128-BC35-FD9AE0196F74}.Debug|Any CPU.ActiveCfg = Debug|Any CPU
		{45DE8FE0-45D9-4128-BC35-FD9AE0196F74}.Debug|Any CPU.Build.0 = Debug|Any CPU
		{45DE8FE0-45D9-4128-BC35-FD9AE0196F74}.Release|Any CPU.ActiveCfg = Release|Any CPU
		{45DE8FE0-45D9-4128-BC35-FD9AE0196F74}.Release|Any CPU.Build.0 = Release|Any CPU
		{391135C9-B982-44CD-A690-9C549BC7A09D}.Debug|Any CPU.ActiveCfg = Debug|Any CPU
		{391135C9-B982-44CD-A690-9C549BC7A09D}.Debug|Any CPU.Build.0 = Debug|Any CPU
		{391135C9-B982-44CD-A690-9C549BC7A09D}.Release|Any CPU.ActiveCfg = Release|Any CPU
		{391135C9-B982-44CD-A690-9C549BC7A09D}.Release|Any CPU.Build.0 = Release|Any CPU
		{27DAE0AF-E185-4003-96AA-103D238E1AD7}.Debug|Any CPU.ActiveCfg = Debug|Any CPU
		{27DAE0AF-E185-4003-96AA-103D238E1AD7}.Debug|Any CPU.Build.0 = Debug|Any CPU
		{27DAE0AF-E185-4003-96AA-103D238E1AD7}.Release|Any CPU.ActiveCfg = Release|Any CPU
		{27DAE0AF-E185-4003-96AA-103D238E1AD7}.Release|Any CPU.Build.0 = Release|Any CPU
		{BD5E6BFE-E837-4A35-BCA9-39667D873A20}.Debug|Any CPU.ActiveCfg = Debug|Any CPU
		{BD5E6BFE-E837-4A35-BCA9-39667D873A20}.Debug|Any CPU.Build.0 = Debug|Any CPU
		{BD5E6BFE-E837-4A35-BCA9-39667D873A20}.Release|Any CPU.ActiveCfg = Release|Any CPU
		{BD5E6BFE-E837-4A35-BCA9-39667D873A20}.Release|Any CPU.Build.0 = Release|Any CPU
		{A1B5330E-46EE-46F5-855B-1F1B023170B6}.Debug|Any CPU.ActiveCfg = Debug
		{A1B5330E-46EE-46F5-855B-1F1B023170B6}.Release|Any CPU.ActiveCfg = Debug
		{EADAFC5A-CF8C-44B2-B6DC-2D3EB5CE2113}.Debug|Any CPU.ActiveCfg = Debug|Any CPU
		{EADAFC5A-CF8C-44B2-B6DC-2D3EB5CE2113}.Debug|Any CPU.Build.0 = Debug|Any CPU
		{EADAFC5A-CF8C-44B2-B6DC-2D3EB5CE2113}.Release|Any CPU.ActiveCfg = Release|Any CPU
		{EADAFC5A-CF8C-44B2-B6DC-2D3EB5CE2113}.Release|Any CPU.Build.0 = Release|Any CPU
		{496A1290-2706-45F8-8228-8335994C4647}.Debug|Any CPU.ActiveCfg = Debug|Any CPU
		{496A1290-2706-45F8-8228-8335994C4647}.Debug|Any CPU.Build.0 = Debug|Any CPU
		{496A1290-2706-45F8-8228-8335994C4647}.Release|Any CPU.ActiveCfg = Release|Any CPU
		{496A1290-2706-45F8-8228-8335994C4647}.Release|Any CPU.Build.0 = Release|Any CPU
	EndGlobalSection
	GlobalSection(SolutionProperties) = preSolution
		HideSolutionNode = FALSE
	EndGlobalSection
	GlobalSection(NestedProjects) = preSolution
		{98347FD5-F841-4D45-B056-FAC1F97AB3FF} = {D6358D52-0B93-4C2D-857A-D718B10F0EED}
		{A1D34F39-C82C-4C3A-864B-5D524A7E464C} = {12EC1386-FE62-491E-8432-DD2A648CED74}
		{74466589-2CA3-4BB1-8736-2E854590A40F} = {A5BB372B-742F-4EB7-AEA3-42B5DB4208CA}
		{45DE8FE0-45D9-4128-BC35-FD9AE0196F74} = {12EC1386-FE62-491E-8432-DD2A648CED74}
		{391135C9-B982-44CD-A690-9C549BC7A09D} = {12EC1386-FE62-491E-8432-DD2A648CED74}
		{27DAE0AF-E185-4003-96AA-103D238E1AD7} = {A5BB372B-742F-4EB7-AEA3-42B5DB4208CA}
		{BD5E6BFE-E837-4A35-BCA9-39667D873A20} = {12EC1386-FE62-491E-8432-DD2A648CED74}
		{A1B5330E-46EE-46F5-855B-1F1B023170B6} = {10339D24-8EA8-47F9-B3AB-3CD0C988D265}
		{EADAFC5A-CF8C-44B2-B6DC-2D3EB5CE2113} = {D6358D52-0B93-4C2D-857A-D718B10F0EED}
		{496A1290-2706-45F8-8228-8335994C4647} = {D6358D52-0B93-4C2D-857A-D718B10F0EED}
	EndGlobalSection
EndGlobal
